
Microsoft Visual Studio Solution File, Format Version 12.00
# Visual Studio 2013
VisualStudioVersion = 12.0.31101.0
MinimumVisualStudioVersion = 10.0.40219.1
Project("{FAE04EC0-301F-11D3-BF4B-00C04F79EFBC}") = "GameSaveSystem", "GameSaveSystem\GameSaveSystem.csproj", "{992AE2E2-BC51-4228-952A-210CAF17B406}"
EndProject
Project("{2150E333-8FDC-42A3-9474-1A3956D46DE8}") = "Solution Items", "Solution Items", "{A960FBD7-BB30-495B-ADEC-8B3DA4889125}"
	ProjectSection(SolutionItems) = preProject
		LICENSE = LICENSE
		README.md = README.md
	EndProjectSection
EndProject
Project("{2150E333-8FDC-42A3-9474-1A3956D46DE8}") = "Examples", "Examples", "{AD987339-0A7C-4ADA-BAA7-5D6D5545435F}"
EndProject
Project("{FAE04EC0-301F-11D3-BF4B-00C04F79EFBC}") = "ExamplesCore", "Examples\ExamplesCore\ExamplesCore.csproj", "{6B03371A-A8D2-4CBC-BF99-57B189512D6B}"
EndProject
Project("{FAE04EC0-301F-11D3-BF4B-00C04F79EFBC}") = "TextAdventure", "Examples\TextAdventure\TextAdventure.csproj", "{B21C0B53-A9B3-4C1B-B73E-02D2DD3C9C63}"
EndProject
Project("{FAE04EC0-301F-11D3-BF4B-00C04F79EFBC}") = "GameSaveSystem.Tests", "GameSaveSystem.Tests\GameSaveSystem.Tests.csproj", "{E7B2643E-9CCD-4487-89D1-7BA6BC27DBCC}"
EndProject
Global
	GlobalSection(SolutionConfigurationPlatforms) = preSolution
		Debug|Any CPU = Debug|Any CPU
		Release|Any CPU = Release|Any CPU
	EndGlobalSection
	GlobalSection(ProjectConfigurationPlatforms) = postSolution
		{992AE2E2-BC51-4228-952A-210CAF17B406}.Debug|Any CPU.ActiveCfg = Debug|Any CPU
		{992AE2E2-BC51-4228-952A-210CAF17B406}.Debug|Any CPU.Build.0 = Debug|Any CPU
		{992AE2E2-BC51-4228-952A-210CAF17B406}.Release|Any CPU.ActiveCfg = Release|Any CPU
		{992AE2E2-BC51-4228-952A-210CAF17B406}.Release|Any CPU.Build.0 = Release|Any CPU
		{6B03371A-A8D2-4CBC-BF99-57B189512D6B}.Debug|Any CPU.ActiveCfg = Debug|Any CPU
		{6B03371A-A8D2-4CBC-BF99-57B189512D6B}.Debug|Any CPU.Build.0 = Debug|Any CPU
		{6B03371A-A8D2-4CBC-BF99-57B189512D6B}.Release|Any CPU.ActiveCfg = Release|Any CPU
		{6B03371A-A8D2-4CBC-BF99-57B189512D6B}.Release|Any CPU.Build.0 = Release|Any CPU
		{B21C0B53-A9B3-4C1B-B73E-02D2DD3C9C63}.Debug|Any CPU.ActiveCfg = Debug|Any CPU
		{B21C0B53-A9B3-4C1B-B73E-02D2DD3C9C63}.Debug|Any CPU.Build.0 = Debug|Any CPU
		{B21C0B53-A9B3-4C1B-B73E-02D2DD3C9C63}.Release|Any CPU.ActiveCfg = Release|Any CPU
		{B21C0B53-A9B3-4C1B-B73E-02D2DD3C9C63}.Release|Any CPU.Build.0 = Release|Any CPU
		{E7B2643E-9CCD-4487-89D1-7BA6BC27DBCC}.Debug|Any CPU.ActiveCfg = Debug|Any CPU
		{E7B2643E-9CCD-4487-89D1-7BA6BC27DBCC}.Debug|Any CPU.Build.0 = Debug|Any CPU
		{E7B2643E-9CCD-4487-89D1-7BA6BC27DBCC}.Release|Any CPU.ActiveCfg = Release|Any CPU
		{E7B2643E-9CCD-4487-89D1-7BA6BC27DBCC}.Release|Any CPU.Build.0 = Release|Any CPU
	EndGlobalSection
	GlobalSection(SolutionProperties) = preSolution
		HideSolutionNode = FALSE
	EndGlobalSection
	GlobalSection(NestedProjects) = preSolution
		{6B03371A-A8D2-4CBC-BF99-57B189512D6B} = {AD987339-0A7C-4ADA-BAA7-5D6D5545435F}
		{B21C0B53-A9B3-4C1B-B73E-02D2DD3C9C63} = {AD987339-0A7C-4ADA-BAA7-5D6D5545435F}
	EndGlobalSection
EndGlobal
